
Microsoft Visual Studio Solution File, Format Version 12.00
# Visual Studio Version 17
VisualStudioVersion = 17.1.32328.378
MinimumVisualStudioVersion = 10.0.40219.1
Project("{FAE04EC0-301F-11D3-BF4B-00C04F79EFBC}") = "Session2", "Session2.csproj", "{0A5F4721-57DB-4C22-B246-603EF4F93108}"
EndProject
Global
	GlobalSection(SolutionConfigurationPlatforms) = preSolution
		Debug|Any CPU = Debug|Any CPU
		Release|Any CPU = Release|Any CPU
	EndGlobalSection
	GlobalSection(ProjectConfigurationPlatforms) = postSolution
		{0A5F4721-57DB-4C22-B246-603EF4F93108}.Debug|Any CPU.ActiveCfg = Debug|Any CPU
		{0A5F4721-57DB-4C22-B246-603EF4F93108}.Debug|Any CPU.Build.0 = Debug|Any CPU
		{0A5F4721-57DB-4C22-B246-603EF4F93108}.Release|Any CPU.ActiveCfg = Release|Any CPU
		{0A5F4721-57DB-4C22-B246-603EF4F93108}.Release|Any CPU.Build.0 = Release|Any CPU
	EndGlobalSection
	GlobalSection(SolutionProperties) = preSolution
		HideSolutionNode = FALSE
	EndGlobalSection
	GlobalSection(ExtensibilityGlobals) = postSolution
		SolutionGuid = {E8703F6B-8C42-4D15-A5D3-2C226A398C1F}
	EndGlobalSection
EndGlobal
